
Microsoft Visual Studio Solution File, Format Version 12.00
# Visual Studio Version 17
VisualStudioVersion = 17.4.33213.308
MinimumVisualStudioVersion = 10.0.40219.1
Project("{9A19103F-16F7-4668-BE54-9A1E7A4F7556}") = "WebApiVentas", "WebApiVentas.csproj", "{BA865450-2E9A-4601-80B2-F9E406B4757A}"
EndProject
Project("{FAE04EC0-301F-11D3-BF4B-00C04F79EFBC}") = "WebVentas", "..\WebVentas\WebVentas.csproj", "{924C3D78-4889-4A58-9FC4-31AED6E77010}"
EndProject
Global
	GlobalSection(SolutionConfigurationPlatforms) = preSolution
		Debug|Any CPU = Debug|Any CPU
		Release|Any CPU = Release|Any CPU
	EndGlobalSection
	GlobalSection(ProjectConfigurationPlatforms) = postSolution
		{BA865450-2E9A-4601-80B2-F9E406B4757A}.Debug|Any CPU.ActiveCfg = Debug|Any CPU
		{BA865450-2E9A-4601-80B2-F9E406B4757A}.Debug|Any CPU.Build.0 = Debug|Any CPU
		{BA865450-2E9A-4601-80B2-F9E406B4757A}.Release|Any CPU.ActiveCfg = Release|Any CPU
		{BA865450-2E9A-4601-80B2-F9E406B4757A}.Release|Any CPU.Build.0 = Release|Any CPU
		{924C3D78-4889-4A58-9FC4-31AED6E77010}.Debug|Any CPU.ActiveCfg = Debug|Any CPU
		{924C3D78-4889-4A58-9FC4-31AED6E77010}.Debug|Any CPU.Build.0 = Debug|Any CPU
		{924C3D78-4889-4A58-9FC4-31AED6E77010}.Release|Any CPU.ActiveCfg = Release|Any CPU
		{924C3D78-4889-4A58-9FC4-31AED6E77010}.Release|Any CPU.Build.0 = Release|Any CPU
	EndGlobalSection
	GlobalSection(SolutionProperties) = preSolution
		HideSolutionNode = FALSE
	EndGlobalSection
	GlobalSection(ExtensibilityGlobals) = postSolution
		SolutionGuid = {3544CEBC-93BB-4900-BD17-22EA518CD635}
	EndGlobalSection
EndGlobal
